
Microsoft Visual Studio Solution File, Format Version 12.00
# Visual Studio Version 17
VisualStudioVersion = 17.5.2.0
MinimumVisualStudioVersion = 10.0.40219.1
Project("{FAE04EC0-301F-11D3-BF4B-00C04F79EFBC}") = "串口demo1", "串口demo1.csproj", "{6072EC35-33C0-C42D-91A8-ED871E03FDCF}"
EndProject
Global
	GlobalSection(SolutionConfigurationPlatforms) = preSolution
		Debug|Any CPU = Debug|Any CPU
		Release|Any CPU = Release|Any CPU
	EndGlobalSection
	GlobalSection(ProjectConfigurationPlatforms) = postSolution
		{6072EC35-33C0-C42D-91A8-ED871E03FDCF}.Debug|Any CPU.ActiveCfg = Debug|Any CPU
		{6072EC35-33C0-C42D-91A8-ED871E03FDCF}.Debug|Any CPU.Build.0 = Debug|Any CPU
		{6072EC35-33C0-C42D-91A8-ED871E03FDCF}.Release|Any CPU.ActiveCfg = Release|Any CPU
		{6072EC35-33C0-C42D-91A8-ED871E03FDCF}.Release|Any CPU.Build.0 = Release|Any CPU
	EndGlobalSection
	GlobalSection(SolutionProperties) = preSolution
		HideSolutionNode = FALSE
	EndGlobalSection
	GlobalSection(ExtensibilityGlobals) = postSolution
		SolutionGuid = {BA98E81D-D970-49A4-8453-01DE8DE75DBE}
	EndGlobalSection
EndGlobal
